{
  "nodes": {
    "flakeNimbleLib": {
      "inputs": {
        "nixpkgs": [
          "nixpkgs"
        ]
      },
      "locked": {
        "lastModified": 1662018438,
        "narHash": "sha256-QtNtU6+LX3Wokxf0zlFwKTFOcn6TeDjKQZ+DA9OYtvM=",
        "owner": "riinr",
        "repo": "nim-flakes-lib",
        "rev": "b1fe8340736e3a85d25c709ac3dfd82a55c03cbf",
        "type": "github"
      },
      "original": {
        "owner": "riinr",
        "ref": "master",
        "repo": "nim-flakes-lib",
        "type": "github"
      }
    },
    "nixpkgs": {
      "locked": {
        "lastModified": 1667110639,
        "narHash": "sha256-4FbPESZ5LbqQxkJJJBAfk/zKgF9h/4kyUwjjpJwYlbc=",
        "owner": "NixOS",
        "repo": "nixpkgs",
        "rev": "f38a1f04d1bec1feb61fd101a0539ae2002a7087",
        "type": "github"
      },
      "original": {
        "id": "nixpkgs",
        "type": "indirect"
      }
    },
    "pythonpathlib-master": {
      "inputs": {
        "flakeNimbleLib": [
          "flakeNimbleLib"
        ],
        "nixpkgs": [
          "nixpkgs"
        ],
        "src-pythonpathlib-master": "src-pythonpathlib-master"
      },
      "locked": {
        "dir": "master",
        "lastModified": 1662254766,
        "narHash": "sha256-h8Bcqgy1wt+271SzKwHqY4CEiHJNVLW8BftPaw+qx2U=",
        "owner": "nim-nix-pkgs",
        "repo": "pythonpathlib",
        "rev": "3da0769ff0e8781e940daa46015e68567397a721",
        "type": "github"
      },
      "original": {
        "dir": "master",
        "owner": "nim-nix-pkgs",
        "ref": "master",
        "repo": "pythonpathlib",
        "type": "github"
      }
    },
    "root": {
      "inputs": {
        "flakeNimbleLib": "flakeNimbleLib",
        "nixpkgs": "nixpkgs",
        "pythonpathlib-master": "pythonpathlib-master"
      }
    },
    "src-pythonpathlib-master": {
      "flake": false,
      "locked": {
        "lastModified": 1500824081,
        "narHash": "sha256-c4ungKZAae7eLTy9do8iaJu6MhL8fcQsgOrwPxlUlBI=",
        "owner": "achesak",
        "repo": "nim-pythonpathlib",
        "rev": "5614493682166a8407edd86c6be701ecf6f27318",
        "type": "github"
      },
      "original": {
        "owner": "achesak",
        "ref": "refs/heads/master",
        "repo": "nim-pythonpathlib",
        "type": "github"
      }
    }
  },
  "root": "root",
  "version": 7
}
